{
  "name": "valn_trim",
  "version": "1.0.0",
  "lockfileVersion": 3,
  "requires": true,
  "packages": {
    "": {
      "name": "valn_trim",
      "version": "1.0.0",
      "license": "ISC",
      "dependencies": {
        "trim": "github:Trott/trim#d483c425940c998f57245f138007b3f7d23be8f9"
      }
    },
    "node_modules/trim": {
      "version": "0.0.1",
      "resolved": "git+ssh://git@github.com/Trott/trim.git#d483c425940c998f57245f138007b3f7d23be8f9",
      "integrity": "sha512-/095AkpSjjIwjpIL047kSURdzk59A449pRLxYOTmzH4Yuj/g8h6UZZia5BIcDppdg6mBH2Ng4dL4dfopaSk5mQ=="
    }
  }
}
